
Microsoft Visual Studio Solution File, Format Version 12.00
# Visual Studio Version 17
VisualStudioVersion = 17.14.36221.1 d17.14
MinimumVisualStudioVersion = 10.0.40219.1
Project("{FAE04EC0-301F-11D3-BF4B-00C04F79EFBC}") = "DockerAndRedisDemo", "DockerAndRedisDemo\DockerAndRedisDemo.csproj", "{2091CA1A-7E46-4172-8E5D-4FA087FDB94D}"
EndProject
Global
	GlobalSection(SolutionConfigurationPlatforms) = preSolution
		Debug|Any CPU = Debug|Any CPU
		Release|Any CPU = Release|Any CPU
	EndGlobalSection
	GlobalSection(ProjectConfigurationPlatforms) = postSolution
		{2091CA1A-7E46-4172-8E5D-4FA087FDB94D}.Debug|Any CPU.ActiveCfg = Debug|Any CPU
		{2091CA1A-7E46-4172-8E5D-4FA087FDB94D}.Debug|Any CPU.Build.0 = Debug|Any CPU
		{2091CA1A-7E46-4172-8E5D-4FA087FDB94D}.Release|Any CPU.ActiveCfg = Release|Any CPU
		{2091CA1A-7E46-4172-8E5D-4FA087FDB94D}.Release|Any CPU.Build.0 = Release|Any CPU
	EndGlobalSection
	GlobalSection(SolutionProperties) = preSolution
		HideSolutionNode = FALSE
	EndGlobalSection
	GlobalSection(ExtensibilityGlobals) = postSolution
		SolutionGuid = {291CEADF-0253-41AA-8166-F51CB32F2701}
	EndGlobalSection
EndGlobal
